# This file is autogenerated, do not edit; changes may be undone by the next 'dep ensure'.


[[projects]]
  name = "github.com/beevik/etree"
  packages = ["."]
  revision = "abae5fc32af8862e420d52e686a7e6ec14111685"
  version = "v0"

[[projects]]
  branch = "organization_namespace"
  name = "github.com/crewjam/saml"
  packages = [".","logger","xmlenc"]
  revision = "cc37684d8621af967f08e8f688569fd5f57fbb82"
  source = "github.com/markwallsgrove/saml"

[[projects]]
  name = "github.com/jonboulle/clockwork"
  packages = ["."]
  revision = "2eee05ed794112d45db504eb05aa693efd2b8b09"
  version = "v0.1.0"

[[projects]]
  branch = "master"
  name = "github.com/ma314smith/signedxml"
  packages = ["."]
  revision = "9781f7e0c2f19433662ccf1d222bec8b293597bd"

[[projects]]
  branch = "master"
  name = "github.com/markwallsgrove/saml_federation_proxy"
  packages = ["models"]
  revision = "9d7a3d76615825b5e91737300d2cd79e52ec5a01"

[[projects]]
  branch = "master"
  name = "github.com/russellhaering/goxmldsig"
  packages = [".","etreeutils","types"]
  revision = "605161228693b2efadce55323c9c661a40c5fbaa"

[[projects]]
  name = "github.com/sirupsen/logrus"
  packages = ["."]
  revision = "a3f95b5c423586578a4e099b11a46c2479628cac"
  version = "1.0.2"

[[projects]]
  branch = "master"
  name = "github.com/streadway/amqp"
  packages = ["."]
  revision = "2cbfe40c9341ad63ba23e53013b3ddc7989d801c"

[[projects]]
  branch = "master"
  name = "golang.org/x/crypto"
  packages = ["ripemd160"]
  revision = "b176d7def5d71bdd214203491f89843ed217f420"

[[projects]]
  branch = "master"
  name = "golang.org/x/sys"
  packages = ["unix"]
  revision = "47bdb838cce8879fca08207206a5dfde2f2538bc"

[[projects]]
  branch = "v2"
  name = "gopkg.in/mgo.v2"
  packages = [".","bson","internal/json","internal/sasl","internal/scram"]
  revision = "3f83fa5005286a7fe593b055f0d7771a7dce4655"

[solve-meta]
  analyzer-name = "dep"
  analyzer-version = 1
  inputs-digest = "ffd3e6f18ed9bb04a9b05433d8ed47a6a4744a13b40e45a23b868f766182b265"
  solver-name = "gps-cdcl"
  solver-version = 1
