# This file is autogenerated, do not edit; changes may be undone by the next 'dep ensure'.


[[projects]]
  name = "github.com/beevik/etree"
  packages = ["."]
  revision = "abae5fc32af8862e420d52e686a7e6ec14111685"
  version = "v0"

[[projects]]
  branch = "master"
  name = "github.com/crewjam/errset"
  packages = ["."]
  revision = "f78d65de925cf59a953184a376cbfe07cfe65e3d"

[[projects]]
  branch = "master"
  name = "github.com/crewjam/go-xmlsec"
  packages = ["."]
  revision = "1aa2f9374afac12f9864ced5babe8ff74427eed2"

[[projects]]
  name = "github.com/crewjam/saml"
  packages = [".","logger","xmlenc"]
  revision = "6b5dd2d26974f7f5e59132ef5921fab7993794d7"
  version = "0.2.0"

[[projects]]
  name = "github.com/jonboulle/clockwork"
  packages = ["."]
  revision = "2eee05ed794112d45db504eb05aa693efd2b8b09"
  version = "v0.1.0"

[[projects]]
  branch = "master"
  name = "github.com/markwallsgrove/saml_federation_proxy"
  packages = ["models"]
  revision = "02a30cbdf36d86ce0f2994990946443727123e6e"

[[projects]]
  branch = "master"
  name = "github.com/russellhaering/goxmldsig"
  packages = [".","etreeutils","types"]
  revision = "605161228693b2efadce55323c9c661a40c5fbaa"

[[projects]]
  name = "github.com/sirupsen/logrus"
  packages = ["."]
  revision = "f006c2ac4710855cf0f916dd6b77acf6b048dc6e"
  version = "v1.0.3"

[[projects]]
  branch = "master"
  name = "github.com/streadway/amqp"
  packages = ["."]
  revision = "2cbfe40c9341ad63ba23e53013b3ddc7989d801c"

[[projects]]
  branch = "master"
  name = "golang.org/x/crypto"
  packages = ["ripemd160","ssh/terminal"]
  revision = "eb71ad9bd329b5ac0fd0148dd99bd62e8be8e035"

[[projects]]
  branch = "master"
  name = "golang.org/x/sys"
  packages = ["unix","windows"]
  revision = "07c182904dbd53199946ba614a412c61d3c548f5"

[[projects]]
  branch = "v2"
  name = "gopkg.in/mgo.v2"
  packages = [".","bson","internal/json","internal/sasl","internal/scram"]
  revision = "3f83fa5005286a7fe593b055f0d7771a7dce4655"

[solve-meta]
  analyzer-name = "dep"
  analyzer-version = 1
  inputs-digest = "04025bca44dd49b37dbc6fccd2f97fef08281b046376dafcaca0e9697b1f300b"
  solver-name = "gps-cdcl"
  solver-version = 1
